// !$*UTF8*$!
{
	archiveVersion = 1;
	classes = {
	};
	objectVersion = 55;
	objects = {

/* Begin PBXBuildFile section */
		CF0853802761B1E2001DDC70 /* NewGameView.swift in Sources */ = {isa = PBXBuildFile; fileRef = CF08537F2761B1E2001DDC70 /* NewGameView.swift */; };
		CF0853832761B2CE001DDC70 /* NewGameViewModel.swift in Sources */ = {isa = PBXBuildFile; fileRef = CF0853822761B2CE001DDC70 /* NewGameViewModel.swift */; };
		CF0853862761C01F001DDC70 /* NewGameTitleView.swift in Sources */ = {isa = PBXBuildFile; fileRef = CF0853852761C01F001DDC70 /* NewGameTitleView.swift */; };
		CF0853882761C6CA001DDC70 /* NewGameCardView.swift in Sources */ = {isa = PBXBuildFile; fileRef = CF0853872761C6CA001DDC70 /* NewGameCardView.swift */; };
		CF08538B2761CEDC001DDC70 /* NewGameCardViewModel.swift in Sources */ = {isa = PBXBuildFile; fileRef = CF08538A2761CEDC001DDC70 /* NewGameCardViewModel.swift */; };
		CF08538D2761CF3A001DDC70 /* GameManager.swift in Sources */ = {isa = PBXBuildFile; fileRef = CF08538C2761CF39001DDC70 /* GameManager.swift */; };
		CF08538F276204F8001DDC70 /* NewGameCardListView.swift in Sources */ = {isa = PBXBuildFile; fileRef = CF08538E276204F8001DDC70 /* NewGameCardListView.swift */; };
		CF298941275D159700D3C3C1 /* WhoGameApp.swift in Sources */ = {isa = PBXBuildFile; fileRef = CF298940275D159700D3C3C1 /* WhoGameApp.swift */; };
		CF298943275D159700D3C3C1 /* ContentView.swift in Sources */ = {isa = PBXBuildFile; fileRef = CF298942275D159700D3C3C1 /* ContentView.swift */; };
		CF298945275D159900D3C3C1 /* Assets.xcassets in Resources */ = {isa = PBXBuildFile; fileRef = CF298944275D159900D3C3C1 /* Assets.xcassets */; };
		CF298948275D159900D3C3C1 /* Preview Assets.xcassets in Resources */ = {isa = PBXBuildFile; fileRef = CF298947275D159900D3C3C1 /* Preview Assets.xcassets */; };
		CF29894A275D159900D3C3C1 /* Persistence.swift in Sources */ = {isa = PBXBuildFile; fileRef = CF298949275D159900D3C3C1 /* Persistence.swift */; };
		CF29894D275D159900D3C3C1 /* WhoGame.xcdatamodeld in Sources */ = {isa = PBXBuildFile; fileRef = CF29894B275D159900D3C3C1 /* WhoGame.xcdatamodeld */; };
		CF298954275D162A00D3C3C1 /* MainView.swift in Sources */ = {isa = PBXBuildFile; fileRef = CF298953275D162A00D3C3C1 /* MainView.swift */; };
/* End PBXBuildFile section */

/* Begin PBXFileReference section */
		CF08537F2761B1E2001DDC70 /* NewGameView.swift */ = {isa = PBXFileReference; lastKnownFileType = sourcecode.swift; path = NewGameView.swift; sourceTree = "<group>"; };
		CF0853822761B2CE001DDC70 /* NewGameViewModel.swift */ = {isa = PBXFileReference; lastKnownFileType = sourcecode.swift; path = NewGameViewModel.swift; sourceTree = "<group>"; };
		CF0853852761C01F001DDC70 /* NewGameTitleView.swift */ = {isa = PBXFileReference; lastKnownFileType = sourcecode.swift; path = NewGameTitleView.swift; sourceTree = "<group>"; };
		CF0853872761C6CA001DDC70 /* NewGameCardView.swift */ = {isa = PBXFileReference; lastKnownFileType = sourcecode.swift; path = NewGameCardView.swift; sourceTree = "<group>"; };
		CF08538A2761CEDC001DDC70 /* NewGameCardViewModel.swift */ = {isa = PBXFileReference; lastKnownFileType = sourcecode.swift; path = NewGameCardViewModel.swift; sourceTree = "<group>"; };
		CF08538C2761CF39001DDC70 /* GameManager.swift */ = {isa = PBXFileReference; lastKnownFileType = sourcecode.swift; path = GameManager.swift; sourceTree = "<group>"; };
		CF08538E276204F8001DDC70 /* NewGameCardListView.swift */ = {isa = PBXFileReference; lastKnownFileType = sourcecode.swift; path = NewGameCardListView.swift; sourceTree = "<group>"; };
		CF29893D275D159700D3C3C1 /* WhoGame.app */ = {isa = PBXFileReference; explicitFileType = wrapper.application; includeInIndex = 0; path = WhoGame.app; sourceTree = BUILT_PRODUCTS_DIR; };
		CF298940275D159700D3C3C1 /* WhoGameApp.swift */ = {isa = PBXFileReference; lastKnownFileType = sourcecode.swift; path = WhoGameApp.swift; sourceTree = "<group>"; };
		CF298942275D159700D3C3C1 /* ContentView.swift */ = {isa = PBXFileReference; lastKnownFileType = sourcecode.swift; path = ContentView.swift; sourceTree = "<group>"; };
		CF298944275D159900D3C3C1 /* Assets.xcassets */ = {isa = PBXFileReference; lastKnownFileType = folder.assetcatalog; path = Assets.xcassets; sourceTree = "<group>"; };
		CF298947275D159900D3C3C1 /* Preview Assets.xcassets */ = {isa = PBXFileReference; lastKnownFileType = folder.assetcatalog; path = "Preview Assets.xcassets"; sourceTree = "<group>"; };
		CF298949275D159900D3C3C1 /* Persistence.swift */ = {isa = PBXFileReference; lastKnownFileType = sourcecode.swift; path = Persistence.swift; sourceTree = "<group>"; };
		CF29894C275D159900D3C3C1 /* WhoGame.xcdatamodel */ = {isa = PBXFileReference; lastKnownFileType = wrapper.xcdatamodel; path = WhoGame.xcdatamodel; sourceTree = "<group>"; };
		CF298953275D162A00D3C3C1 /* MainView.swift */ = {isa = PBXFileReference; lastKnownFileType = sourcecode.swift; path = MainView.swift; sourceTree = "<group>"; };
/* End PBXFileReference section */

/* Begin PBXFrameworksBuildPhase section */
		CF29893A275D159700D3C3C1 /* Frameworks */ = {
			isa = PBXFrameworksBuildPhase;
			buildActionMask = 2147483647;
			files = (
			);
			runOnlyForDeploymentPostprocessing = 0;
		};
/* End PBXFrameworksBuildPhase section */

/* Begin PBXGroup section */
		CF08537C2761B169001DDC70 /* MainView */ = {
			isa = PBXGroup;
			children = (
				CF298953275D162A00D3C3C1 /* MainView.swift */,
				CF08537D2761B17C001DDC70 /* NewGameView */,
			);
			path = MainView;
			sourceTree = "<group>";
		};
		CF08537D2761B17C001DDC70 /* NewGameView */ = {
			isa = PBXGroup;
			children = (
				CF08537F2761B1E2001DDC70 /* NewGameView.swift */,
				CF0853822761B2CE001DDC70 /* NewGameViewModel.swift */,
				CF0853842761BFF9001DDC70 /* NewGameViewDetail */,
			);
			path = NewGameView;
			sourceTree = "<group>";
		};
		CF0853812761B25F001DDC70 /* Managers */ = {
			isa = PBXGroup;
			children = (
				CF08538C2761CF39001DDC70 /* GameManager.swift */,
			);
			path = Managers;
			sourceTree = "<group>";
		};
		CF0853842761BFF9001DDC70 /* NewGameViewDetail */ = {
			isa = PBXGroup;
			children = (
				CF0853852761C01F001DDC70 /* NewGameTitleView.swift */,
				CF085390276205BE001DDC70 /* NewGameCardList */,
				CF0853892761CECE001DDC70 /* NewGameCardView */,
			);
			path = NewGameViewDetail;
			sourceTree = "<group>";
		};
		CF0853892761CECE001DDC70 /* NewGameCardView */ = {
			isa = PBXGroup;
			children = (
				CF0853872761C6CA001DDC70 /* NewGameCardView.swift */,
				CF08538A2761CEDC001DDC70 /* NewGameCardViewModel.swift */,
			);
			path = NewGameCardView;
			sourceTree = "<group>";
		};
		CF085390276205BE001DDC70 /* NewGameCardList */ = {
			isa = PBXGroup;
			children = (
				CF08538E276204F8001DDC70 /* NewGameCardListView.swift */,
			);
			path = NewGameCardList;
			sourceTree = "<group>";
		};
		CF298934275D159700D3C3C1 = {
			isa = PBXGroup;
			children = (
				CF29893F275D159700D3C3C1 /* WhoGame */,
				CF29893E275D159700D3C3C1 /* Products */,
			);
			sourceTree = "<group>";
		};
		CF29893E275D159700D3C3C1 /* Products */ = {
			isa = PBXGroup;
			children = (
				CF29893D275D159700D3C3C1 /* WhoGame.app */,
			);
			name = Products;
			sourceTree = "<group>";
		};
		CF29893F275D159700D3C3C1 /* WhoGame */ = {
			isa = PBXGroup;
			children = (
				CF0853812761B25F001DDC70 /* Managers */,
				CF08537C2761B169001DDC70 /* MainView */,
				CF298955275D169E00D3C3C1 /* Coredata */,
				CF298940275D159700D3C3C1 /* WhoGameApp.swift */,
				CF298942275D159700D3C3C1 /* ContentView.swift */,
				CF298944275D159900D3C3C1 /* Assets.xcassets */,
				CF298946275D159900D3C3C1 /* Preview Content */,
			);
			path = WhoGame;
			sourceTree = "<group>";
		};
		CF298946275D159900D3C3C1 /* Preview Content */ = {
			isa = PBXGroup;
			children = (
				CF298947275D159900D3C3C1 /* Preview Assets.xcassets */,
			);
			path = "Preview Content";
			sourceTree = "<group>";
		};
		CF298955275D169E00D3C3C1 /* Coredata */ = {
			isa = PBXGroup;
			children = (
				CF29894B275D159900D3C3C1 /* WhoGame.xcdatamodeld */,
				CF298949275D159900D3C3C1 /* Persistence.swift */,
			);
			path = Coredata;
			sourceTree = "<group>";
		};
/* End PBXGroup section */

/* Begin PBXNativeTarget section */
		CF29893C275D159700D3C3C1 /* WhoGame */ = {
			isa = PBXNativeTarget;
			buildConfigurationList = CF298950275D159900D3C3C1 /* Build configuration list for PBXNativeTarget "WhoGame" */;
			buildPhases = (
				CF298939275D159700D3C3C1 /* Sources */,
				CF29893A275D159700D3C3C1 /* Frameworks */,
				CF29893B275D159700D3C3C1 /* Resources */,
			);
			buildRules = (
			);
			dependencies = (
			);
			name = WhoGame;
			productName = WhoGame;
			productReference = CF29893D275D159700D3C3C1 /* WhoGame.app */;
			productType = "com.apple.product-type.application";
		};
/* End PBXNativeTarget section */

/* Begin PBXProject section */
		CF298935275D159700D3C3C1 /* Project object */ = {
			isa = PBXProject;
			attributes = {
				BuildIndependentTargetsInParallel = 1;
				LastSwiftUpdateCheck = 1310;
				LastUpgradeCheck = 1310;
				TargetAttributes = {
					CF29893C275D159700D3C3C1 = {
						CreatedOnToolsVersion = 13.1;
					};
				};
			};
			buildConfigurationList = CF298938275D159700D3C3C1 /* Build configuration list for PBXProject "WhoGame" */;
			compatibilityVersion = "Xcode 13.0";
			developmentRegion = en;
			hasScannedForEncodings = 0;
			knownRegions = (
				en,
				Base,
			);
			mainGroup = CF298934275D159700D3C3C1;
			productRefGroup = CF29893E275D159700D3C3C1 /* Products */;
			projectDirPath = "";
			projectRoot = "";
			targets = (
				CF29893C275D159700D3C3C1 /* WhoGame */,
			);
		};
/* End PBXProject section */

/* Begin PBXResourcesBuildPhase section */
		CF29893B275D159700D3C3C1 /* Resources */ = {
			isa = PBXResourcesBuildPhase;
			buildActionMask = 2147483647;
			files = (
				CF298948275D159900D3C3C1 /* Preview Assets.xcassets in Resources */,
				CF298945275D159900D3C3C1 /* Assets.xcassets in Resources */,
			);
			runOnlyForDeploymentPostprocessing = 0;
		};
/* End PBXResourcesBuildPhase section */

/* Begin PBXSourcesBuildPhase section */
		CF298939275D159700D3C3C1 /* Sources */ = {
			isa = PBXSourcesBuildPhase;
			buildActionMask = 2147483647;
			files = (
				CF29894D275D159900D3C3C1 /* WhoGame.xcdatamodeld in Sources */,
				CF08538B2761CEDC001DDC70 /* NewGameCardViewModel.swift in Sources */,
				CF29894A275D159900D3C3C1 /* Persistence.swift in Sources */,
				CF08538D2761CF3A001DDC70 /* GameManager.swift in Sources */,
				CF0853862761C01F001DDC70 /* NewGameTitleView.swift in Sources */,
				CF08538F276204F8001DDC70 /* NewGameCardListView.swift in Sources */,
				CF298943275D159700D3C3C1 /* ContentView.swift in Sources */,
				CF298954275D162A00D3C3C1 /* MainView.swift in Sources */,
				CF298941275D159700D3C3C1 /* WhoGameApp.swift in Sources */,
				CF0853832761B2CE001DDC70 /* NewGameViewModel.swift in Sources */,
				CF0853802761B1E2001DDC70 /* NewGameView.swift in Sources */,
				CF0853882761C6CA001DDC70 /* NewGameCardView.swift in Sources */,
			);
			runOnlyForDeploymentPostprocessing = 0;
		};
/* End PBXSourcesBuildPhase section */

/* Begin XCBuildConfiguration section */
		CF29894E275D159900D3C3C1 /* Debug */ = {
			isa = XCBuildConfiguration;
			buildSettings = {
				ALWAYS_SEARCH_USER_PATHS = NO;
				CLANG_ANALYZER_NONNULL = YES;
				CLANG_ANALYZER_NUMBER_OBJECT_CONVERSION = YES_AGGRESSIVE;
				CLANG_CXX_LANGUAGE_STANDARD = "gnu++17";
				CLANG_CXX_LIBRARY = "libc++";
				CLANG_ENABLE_MODULES = YES;
				CLANG_ENABLE_OBJC_ARC = YES;
				CLANG_ENABLE_OBJC_WEAK = YES;
				CLANG_WARN_BLOCK_CAPTURE_AUTORELEASING = YES;
				CLANG_WARN_BOOL_CONVERSION = YES;
				CLANG_WARN_COMMA = YES;
				CLANG_WARN_CONSTANT_CONVERSION = YES;
				CLANG_WARN_DEPRECATED_OBJC_IMPLEMENTATIONS = YES;
				CLANG_WARN_DIRECT_OBJC_ISA_USAGE = YES_ERROR;
				CLANG_WARN_DOCUMENTATION_COMMENTS = YES;
				CLANG_WARN_EMPTY_BODY = YES;
				CLANG_WARN_ENUM_CONVERSION = YES;
				CLANG_WARN_INFINITE_RECURSION = YES;
				CLANG_WARN_INT_CONVERSION = YES;
				CLANG_WARN_NON_LITERAL_NULL_CONVERSION = YES;
				CLANG_WARN_OBJC_IMPLICIT_RETAIN_SELF = YES;
				CLANG_WARN_OBJC_LITERAL_CONVERSION = YES;
				CLANG_WARN_OBJC_ROOT_CLASS = YES_ERROR;
				CLANG_WARN_QUOTED_INCLUDE_IN_FRAMEWORK_HEADER = YES;
				CLANG_WARN_RANGE_LOOP_ANALYSIS = YES;
				CLANG_WARN_STRICT_PROTOTYPES = YES;
				CLANG_WARN_SUSPICIOUS_MOVE = YES;
				CLANG_WARN_UNGUARDED_AVAILABILITY = YES_AGGRESSIVE;
				CLANG_WARN_UNREACHABLE_CODE = YES;
				CLANG_WARN__DUPLICATE_METHOD_MATCH = YES;
				COPY_PHASE_STRIP = NO;
				DEBUG_INFORMATION_FORMAT = dwarf;
				ENABLE_STRICT_OBJC_MSGSEND = YES;
				ENABLE_TESTABILITY = YES;
				GCC_C_LANGUAGE_STANDARD = gnu11;
				GCC_DYNAMIC_NO_PIC = NO;
				GCC_NO_COMMON_BLOCKS = YES;
				GCC_OPTIMIZATION_LEVEL = 0;
				GCC_PREPROCESSOR_DEFINITIONS = (
					"DEBUG=1",
					"$(inherited)",
				);
				GCC_WARN_64_TO_32_BIT_CONVERSION = YES;
				GCC_WARN_ABOUT_RETURN_TYPE = YES_ERROR;
				GCC_WARN_UNDECLARED_SELECTOR = YES;
				GCC_WARN_UNINITIALIZED_AUTOS = YES_AGGRESSIVE;
				GCC_WARN_UNUSED_FUNCTION = YES;
				GCC_WARN_UNUSED_VARIABLE = YES;
				IPHONEOS_DEPLOYMENT_TARGET = 15.0;
				MTL_ENABLE_DEBUG_INFO = INCLUDE_SOURCE;
				MTL_FAST_MATH = YES;
				ONLY_ACTIVE_ARCH = YES;
				SDKROOT = iphoneos;
				SWIFT_ACTIVE_COMPILATION_CONDITIONS = DEBUG;
				SWIFT_OPTIMIZATION_LEVEL = "-Onone";
			};
			name = Debug;
		};
		CF29894F275D159900D3C3C1 /* Release */ = {
			isa = XCBuildConfiguration;
			buildSettings = {
				ALWAYS_SEARCH_USER_PATHS = NO;
				CLANG_ANALYZER_NONNULL = YES;
				CLANG_ANALYZER_NUMBER_OBJECT_CONVERSION = YES_AGGRESSIVE;
				CLANG_CXX_LANGUAGE_STANDARD = "gnu++17";
				CLANG_CXX_LIBRARY = "libc++";
				CLANG_ENABLE_MODULES = YES;
				CLANG_ENABLE_OBJC_ARC = YES;
				CLANG_ENABLE_OBJC_WEAK = YES;
				CLANG_WARN_BLOCK_CAPTURE_AUTORELEASING = YES;
				CLANG_WARN_BOOL_CONVERSION = YES;
				CLANG_WARN_COMMA = YES;
				CLANG_WARN_CONSTANT_CONVERSION = YES;
				CLANG_WARN_DEPRECATED_OBJC_IMPLEMENTATIONS = YES;
				CLANG_WARN_DIRECT_OBJC_ISA_USAGE = YES_ERROR;
				CLANG_WARN_DOCUMENTATION_COMMENTS = YES;
				CLANG_WARN_EMPTY_BODY = YES;
				CLANG_WARN_ENUM_CONVERSION = YES;
				CLANG_WARN_INFINITE_RECURSION = YES;
				CLANG_WARN_INT_CONVERSION = YES;
				CLANG_WARN_NON_LITERAL_NULL_CONVERSION = YES;
				CLANG_WARN_OBJC_IMPLICIT_RETAIN_SELF = YES;
				CLANG_WARN_OBJC_LITERAL_CONVERSION = YES;
				CLANG_WARN_OBJC_ROOT_CLASS = YES_ERROR;
				CLANG_WARN_QUOTED_INCLUDE_IN_FRAMEWORK_HEADER = YES;
				CLANG_WARN_RANGE_LOOP_ANALYSIS = YES;
				CLANG_WARN_STRICT_PROTOTYPES = YES;
				CLANG_WARN_SUSPICIOUS_MOVE = YES;
				CLANG_WARN_UNGUARDED_AVAILABILITY = YES_AGGRESSIVE;
				CLANG_WARN_UNREACHABLE_CODE = YES;
				CLANG_WARN__DUPLICATE_METHOD_MATCH = YES;
				COPY_PHASE_STRIP = NO;
				DEBUG_INFORMATION_FORMAT = "dwarf-with-dsym";
				ENABLE_NS_ASSERTIONS = NO;
				ENABLE_STRICT_OBJC_MSGSEND = YES;
				GCC_C_LANGUAGE_STANDARD = gnu11;
				GCC_NO_COMMON_BLOCKS = YES;
				GCC_WARN_64_TO_32_BIT_CONVERSION = YES;
				GCC_WARN_ABOUT_RETURN_TYPE = YES_ERROR;
				GCC_WARN_UNDECLARED_SELECTOR = YES;
				GCC_WARN_UNINITIALIZED_AUTOS = YES_AGGRESSIVE;
				GCC_WARN_UNUSED_FUNCTION = YES;
				GCC_WARN_UNUSED_VARIABLE = YES;
				IPHONEOS_DEPLOYMENT_TARGET = 15.0;
				MTL_ENABLE_DEBUG_INFO = NO;
				MTL_FAST_MATH = YES;
				SDKROOT = iphoneos;
				SWIFT_COMPILATION_MODE = wholemodule;
				SWIFT_OPTIMIZATION_LEVEL = "-O";
				VALIDATE_PRODUCT = YES;
			};
			name = Release;
		};
		CF298951275D159900D3C3C1 /* Debug */ = {
			isa = XCBuildConfiguration;
			buildSettings = {
				ASSETCATALOG_COMPILER_APPICON_NAME = AppIcon;
				ASSETCATALOG_COMPILER_GLOBAL_ACCENT_COLOR_NAME = AccentColor;
				CODE_SIGN_STYLE = Automatic;
				CURRENT_PROJECT_VERSION = 1;
				DEVELOPMENT_ASSET_PATHS = "\"WhoGame/Preview Content\"";
				DEVELOPMENT_TEAM = 5S24UZWM65;
				ENABLE_PREVIEWS = YES;
				GENERATE_INFOPLIST_FILE = YES;
				INFOPLIST_KEY_UIApplicationSceneManifest_Generation = YES;
				INFOPLIST_KEY_UIApplicationSupportsIndirectInputEvents = YES;
				INFOPLIST_KEY_UILaunchScreen_Generation = YES;
				INFOPLIST_KEY_UISupportedInterfaceOrientations_iPad = "UIInterfaceOrientationPortrait UIInterfaceOrientationPortraitUpsideDown UIInterfaceOrientationLandscapeLeft UIInterfaceOrientationLandscapeRight";
				INFOPLIST_KEY_UISupportedInterfaceOrientations_iPhone = "UIInterfaceOrientationPortrait UIInterfaceOrientationLandscapeLeft UIInterfaceOrientationLandscapeRight";
				LD_RUNPATH_SEARCH_PATHS = (
					"$(inherited)",
					"@executable_path/Frameworks",
				);
				MARKETING_VERSION = 1.0;
				PRODUCT_BUNDLE_IDENTIFIER = ru.imarishin.WhoGame;
				PRODUCT_NAME = "$(TARGET_NAME)";
				SWIFT_EMIT_LOC_STRINGS = YES;
				SWIFT_VERSION = 5.0;
				TARGETED_DEVICE_FAMILY = "1,2";
			};
			name = Debug;
		};
		CF298952275D159900D3C3C1 /* Release */ = {
			isa = XCBuildConfiguration;
			buildSettings = {
				ASSETCATALOG_COMPILER_APPICON_NAME = AppIcon;
				ASSETCATALOG_COMPILER_GLOBAL_ACCENT_COLOR_NAME = AccentColor;
				CODE_SIGN_STYLE = Automatic;
				CURRENT_PROJECT_VERSION = 1;
				DEVELOPMENT_ASSET_PATHS = "\"WhoGame/Preview Content\"";
				DEVELOPMENT_TEAM = 5S24UZWM65;
				ENABLE_PREVIEWS = YES;
				GENERATE_INFOPLIST_FILE = YES;
				INFOPLIST_KEY_UIApplicationSceneManifest_Generation = YES;
				INFOPLIST_KEY_UIApplicationSupportsIndirectInputEvents = YES;
				INFOPLIST_KEY_UILaunchScreen_Generation = YES;
				INFOPLIST_KEY_UISupportedInterfaceOrientations_iPad = "UIInterfaceOrientationPortrait UIInterfaceOrientationPortraitUpsideDown UIInterfaceOrientationLandscapeLeft UIInterfaceOrientationLandscapeRight";
				INFOPLIST_KEY_UISupportedInterfaceOrientations_iPhone = "UIInterfaceOrientationPortrait UIInterfaceOrientationLandscapeLeft UIInterfaceOrientationLandscapeRight";
				LD_RUNPATH_SEARCH_PATHS = (
					"$(inherited)",
					"@executable_path/Frameworks",
				);
				MARKETING_VERSION = 1.0;
				PRODUCT_BUNDLE_IDENTIFIER = ru.imarishin.WhoGame;
				PRODUCT_NAME = "$(TARGET_NAME)";
				SWIFT_EMIT_LOC_STRINGS = YES;
				SWIFT_VERSION = 5.0;
				TARGETED_DEVICE_FAMILY = "1,2";
			};
			name = Release;
		};
/* End XCBuildConfiguration section */

/* Begin XCConfigurationList section */
		CF298938275D159700D3C3C1 /* Build configuration list for PBXProject "WhoGame" */ = {
			isa = XCConfigurationList;
			buildConfigurations = (
				CF29894E275D159900D3C3C1 /* Debug */,
				CF29894F275D159900D3C3C1 /* Release */,
			);
			defaultConfigurationIsVisible = 0;
			defaultConfigurationName = Release;
		};
		CF298950275D159900D3C3C1 /* Build configuration list for PBXNativeTarget "WhoGame" */ = {
			isa = XCConfigurationList;
			buildConfigurations = (
				CF298951275D159900D3C3C1 /* Debug */,
				CF298952275D159900D3C3C1 /* Release */,
			);
			defaultConfigurationIsVisible = 0;
			defaultConfigurationName = Release;
		};
/* End XCConfigurationList section */

/* Begin XCVersionGroup section */
		CF29894B275D159900D3C3C1 /* WhoGame.xcdatamodeld */ = {
			isa = XCVersionGroup;
			children = (
				CF29894C275D159900D3C3C1 /* WhoGame.xcdatamodel */,
			);
			currentVersion = CF29894C275D159900D3C3C1 /* WhoGame.xcdatamodel */;
			path = WhoGame.xcdatamodeld;
			sourceTree = "<group>";
			versionGroupType = wrapper.xcdatamodel;
		};
/* End XCVersionGroup section */
	};
	rootObject = CF298935275D159700D3C3C1 /* Project object */;
}
