// !$*UTF8*$!
{
	archiveVersion = 1;
	classes = {
	};
	objectVersion = 55;
	objects = {

/* Begin PBXBuildFile section */
		CF08538B2761CEDC001DDC70 /* NewGameCardViewModel.swift in Sources */ = {isa = PBXBuildFile; fileRef = CF08538A2761CEDC001DDC70 /* NewGameCardViewModel.swift */; };
		CF08538D2761CF3A001DDC70 /* GameManager.swift in Sources */ = {isa = PBXBuildFile; fileRef = CF08538C2761CF39001DDC70 /* GameManager.swift */; };
		CF0A2DE5278AB0F700DDDE68 /* GameView.swift in Sources */ = {isa = PBXBuildFile; fileRef = CF0A2DE4278AB0F700DDDE68 /* GameView.swift */; };
		CF0A2DE7278AB14200DDDE68 /* GameViewModel.swift in Sources */ = {isa = PBXBuildFile; fileRef = CF0A2DE6278AB14200DDDE68 /* GameViewModel.swift */; };
		CF2062CE2787882C00EABCCE /* CreateGameView.swift in Sources */ = {isa = PBXBuildFile; fileRef = CF2062CD2787882C00EABCCE /* CreateGameView.swift */; };
		CF2062D22787885000EABCCE /* CreateGameViewModel.swift in Sources */ = {isa = PBXBuildFile; fileRef = CF2062D12787885000EABCCE /* CreateGameViewModel.swift */; };
		CF2062D527878B6000EABCCE /* DateExt.swift in Sources */ = {isa = PBXBuildFile; fileRef = CF2062D427878B6000EABCCE /* DateExt.swift */; };
		CF2062D827878DBB00EABCCE /* NewGameView.swift in Sources */ = {isa = PBXBuildFile; fileRef = CF2062D727878DBB00EABCCE /* NewGameView.swift */; };
		CF2062DC278791C100EABCCE /* SaveGameView.swift in Sources */ = {isa = PBXBuildFile; fileRef = CF2062DB278791C100EABCCE /* SaveGameView.swift */; };
		CF2062DE2788189600EABCCE /* NewGameCardView.swift in Sources */ = {isa = PBXBuildFile; fileRef = CF2062DD2788189600EABCCE /* NewGameCardView.swift */; };
		CF2062E32788527C00EABCCE /* GameCardListIView.swift in Sources */ = {isa = PBXBuildFile; fileRef = CF2062E22788527C00EABCCE /* GameCardListIView.swift */; };
		CF25EA0227B8D48C008EBF98 /* FBManager.swift in Sources */ = {isa = PBXBuildFile; fileRef = CF25EA0127B8D48C008EBF98 /* FBManager.swift */; };
		CF25EA0427C232C3008EBF98 /* TermsPrivacyView.swift in Sources */ = {isa = PBXBuildFile; fileRef = CF25EA0327C232C3008EBF98 /* TermsPrivacyView.swift */; };
		CF298941275D159700D3C3C1 /* WhoGameApp.swift in Sources */ = {isa = PBXBuildFile; fileRef = CF298940275D159700D3C3C1 /* WhoGameApp.swift */; };
		CF298943275D159700D3C3C1 /* ContentView.swift in Sources */ = {isa = PBXBuildFile; fileRef = CF298942275D159700D3C3C1 /* ContentView.swift */; };
		CF298945275D159900D3C3C1 /* Assets.xcassets in Resources */ = {isa = PBXBuildFile; fileRef = CF298944275D159900D3C3C1 /* Assets.xcassets */; };
		CF298948275D159900D3C3C1 /* Preview Assets.xcassets in Resources */ = {isa = PBXBuildFile; fileRef = CF298947275D159900D3C3C1 /* Preview Assets.xcassets */; };
		CF29894A275D159900D3C3C1 /* Persistence.swift in Sources */ = {isa = PBXBuildFile; fileRef = CF298949275D159900D3C3C1 /* Persistence.swift */; };
		CF29894D275D159900D3C3C1 /* WhoGame.xcdatamodeld in Sources */ = {isa = PBXBuildFile; fileRef = CF29894B275D159900D3C3C1 /* WhoGame.xcdatamodeld */; };
		CF298954275D162A00D3C3C1 /* MainView.swift in Sources */ = {isa = PBXBuildFile; fileRef = CF298953275D162A00D3C3C1 /* MainView.swift */; };
		CF2C02D527887F2400392BAA /* EditGameCardView.swift in Sources */ = {isa = PBXBuildFile; fileRef = CF2C02D427887F2400392BAA /* EditGameCardView.swift */; };
		CF2C02DA2789B46F00392BAA /* GameListView.swift in Sources */ = {isa = PBXBuildFile; fileRef = CF2C02D92789B46F00392BAA /* GameListView.swift */; };
		CF617528278C387B009953BB /* GameListCellView.swift in Sources */ = {isa = PBXBuildFile; fileRef = CF617527278C387B009953BB /* GameListCellView.swift */; };
		CF61752A278D69C8009953BB /* StartStageView.swift in Sources */ = {isa = PBXBuildFile; fileRef = CF617529278D69C8009953BB /* StartStageView.swift */; };
		CF61752C278D69D9009953BB /* GameStageView.swift in Sources */ = {isa = PBXBuildFile; fileRef = CF61752B278D69D9009953BB /* GameStageView.swift */; };
		CF61752E278D69E5009953BB /* EndStageView.swift in Sources */ = {isa = PBXBuildFile; fileRef = CF61752D278D69E5009953BB /* EndStageView.swift */; };
		CF617531278D9296009953BB /* GameHistoryView.swift in Sources */ = {isa = PBXBuildFile; fileRef = CF617530278D9296009953BB /* GameHistoryView.swift */; };
		CF617534278D93C4009953BB /* GameHistoryCellView.swift in Sources */ = {isa = PBXBuildFile; fileRef = CF617533278D93C4009953BB /* GameHistoryCellView.swift */; };
		CF617536278EDF76009953BB /* FilterListView.swift in Sources */ = {isa = PBXBuildFile; fileRef = CF617535278EDF76009953BB /* FilterListView.swift */; };
		CF61753827901B95009953BB /* TypeGameView.swift in Sources */ = {isa = PBXBuildFile; fileRef = CF61753727901B95009953BB /* TypeGameView.swift */; };
		CF61753A27902594009953BB /* NewGameCardTestView.swift in Sources */ = {isa = PBXBuildFile; fileRef = CF61753927902594009953BB /* NewGameCardTestView.swift */; };
		CF61753C27904369009953BB /* GameStageTestView.swift in Sources */ = {isa = PBXBuildFile; fileRef = CF61753B27904369009953BB /* GameStageTestView.swift */; };
		CF618B062793E73200B7DC30 /* BackgroundView.swift in Sources */ = {isa = PBXBuildFile; fileRef = CF618B052793E73200B7DC30 /* BackgroundView.swift */; };
		CF618B082796854600B7DC30 /* GameHistoryDetailView.swift in Sources */ = {isa = PBXBuildFile; fileRef = CF618B072796854600B7DC30 /* GameHistoryDetailView.swift */; };
		CF618B0A2797F9D300B7DC30 /* Localizable.stringsdict in Resources */ = {isa = PBXBuildFile; fileRef = CF618B092797F9D300B7DC30 /* Localizable.stringsdict */; };
		CF618B112798030700B7DC30 /* Localizable.strings in Resources */ = {isa = PBXBuildFile; fileRef = CF618B0F2798030700B7DC30 /* Localizable.strings */; };
		CF618B3E27AF97D000B7DC30 /* LoginViewModel.swift in Sources */ = {isa = PBXBuildFile; fileRef = CF618B3827AF97CF00B7DC30 /* LoginViewModel.swift */; };
		CF618B3F27AF97D000B7DC30 /* SignInWithAppleButtonView.swift in Sources */ = {isa = PBXBuildFile; fileRef = CF618B3927AF97CF00B7DC30 /* SignInWithAppleButtonView.swift */; };
		CF618B4027AF97D000B7DC30 /* LoginView.swift in Sources */ = {isa = PBXBuildFile; fileRef = CF618B3A27AF97CF00B7DC30 /* LoginView.swift */; };
		CF618B4127AF97D000B7DC30 /* SignInView.swift in Sources */ = {isa = PBXBuildFile; fileRef = CF618B3B27AF97CF00B7DC30 /* SignInView.swift */; };
		CF618B4227AF97D000B7DC30 /* ForgotPasswordView.swift in Sources */ = {isa = PBXBuildFile; fileRef = CF618B3C27AF97CF00B7DC30 /* ForgotPasswordView.swift */; };
		CF618B4327AF97D000B7DC30 /* SignUpView.swift in Sources */ = {isa = PBXBuildFile; fileRef = CF618B3D27AF97CF00B7DC30 /* SignUpView.swift */; };
		CF618B4E27AF9CA800B7DC30 /* ErrorExt.swift in Sources */ = {isa = PBXBuildFile; fileRef = CF618B4D27AF9CA800B7DC30 /* ErrorExt.swift */; };
		CF618B5D27AF9CD100B7DC30 /* FBFireStore.swift in Sources */ = {isa = PBXBuildFile; fileRef = CF618B5227AF9CD100B7DC30 /* FBFireStore.swift */; };
		CF618B5E27AF9CD100B7DC30 /* FBKeys.swift in Sources */ = {isa = PBXBuildFile; fileRef = CF618B5327AF9CD100B7DC30 /* FBKeys.swift */; };
		CF618B5F27AF9CD100B7DC30 /* FBFriendRequest.swift in Sources */ = {isa = PBXBuildFile; fileRef = CF618B5427AF9CD100B7DC30 /* FBFriendRequest.swift */; };
		CF618B6027AF9CD100B7DC30 /* FBUser.swift in Sources */ = {isa = PBXBuildFile; fileRef = CF618B5527AF9CD100B7DC30 /* FBUser.swift */; };
		CF618B6127AF9CD100B7DC30 /* FBFireStoreError.swift in Sources */ = {isa = PBXBuildFile; fileRef = CF618B5627AF9CD100B7DC30 /* FBFireStoreError.swift */; };
		CF618B6227AF9CD100B7DC30 /* FBAuth.swift in Sources */ = {isa = PBXBuildFile; fileRef = CF618B5727AF9CD100B7DC30 /* FBAuth.swift */; };
		CF618B6327AF9CD100B7DC30 /* FBGame.swift in Sources */ = {isa = PBXBuildFile; fileRef = CF618B5827AF9CD100B7DC30 /* FBGame.swift */; };
		CF618B6427AF9CD100B7DC30 /* FBGameCard.swift in Sources */ = {isa = PBXBuildFile; fileRef = CF618B5927AF9CD100B7DC30 /* FBGameCard.swift */; };
		CF618B6527AF9CD100B7DC30 /* FBFriendModel.swift in Sources */ = {isa = PBXBuildFile; fileRef = CF618B5A27AF9CD100B7DC30 /* FBFriendModel.swift */; };
		CF618B6627AF9CD100B7DC30 /* FBGameModel.swift in Sources */ = {isa = PBXBuildFile; fileRef = CF618B5B27AF9CD100B7DC30 /* FBGameModel.swift */; };
		CF618B6827AFC55F00B7DC30 /* GoogleService-Info.plist in Resources */ = {isa = PBXBuildFile; fileRef = CF618B6727AFC55F00B7DC30 /* GoogleService-Info.plist */; };
		CF618B6C27B0E6C100B7DC30 /* UserInfoPanelView.swift in Sources */ = {isa = PBXBuildFile; fileRef = CF618B6B27B0E6C100B7DC30 /* UserInfoPanelView.swift */; };
		CF618B6F27B10B0100B7DC30 /* GameMenuView.swift in Sources */ = {isa = PBXBuildFile; fileRef = CF618B6E27B10B0100B7DC30 /* GameMenuView.swift */; };
		CF618B7127B1354200B7DC30 /* FriendsView.swift in Sources */ = {isa = PBXBuildFile; fileRef = CF618B7027B1354200B7DC30 /* FriendsView.swift */; };
		CF618B7327B1355500B7DC30 /* GameMailView.swift in Sources */ = {isa = PBXBuildFile; fileRef = CF618B7227B1355500B7DC30 /* GameMailView.swift */; };
		CF618B7527B23D6A00B7DC30 /* FriendsViewModel.swift in Sources */ = {isa = PBXBuildFile; fileRef = CF618B7427B23D6900B7DC30 /* FriendsViewModel.swift */; };
		CF618B7727B23D7D00B7DC30 /* GameMailViewModel.swift in Sources */ = {isa = PBXBuildFile; fileRef = CF618B7627B23D7D00B7DC30 /* GameMailViewModel.swift */; };
		CF618B7B27B27C4200B7DC30 /* FriendRequestCellView.swift in Sources */ = {isa = PBXBuildFile; fileRef = CF618B7A27B27C4200B7DC30 /* FriendRequestCellView.swift */; };
		CF618B7D27B2857500B7DC30 /* FriendCellView.swift in Sources */ = {isa = PBXBuildFile; fileRef = CF618B7C27B2857500B7DC30 /* FriendCellView.swift */; };
		CF618B7F27B3AB5400B7DC30 /* GameMailCellView.swift in Sources */ = {isa = PBXBuildFile; fileRef = CF618B7E27B3AB5400B7DC30 /* GameMailCellView.swift */; };
		CF76C36427929F8900F13626 /* NewGameCardTastyView.swift in Sources */ = {isa = PBXBuildFile; fileRef = CF76C36327929F8900F13626 /* NewGameCardTastyView.swift */; };
		CF76C3682792E6E000F13626 /* GameStageTastyView.swift in Sources */ = {isa = PBXBuildFile; fileRef = CF76C3672792E6E000F13626 /* GameStageTastyView.swift */; };
		CF76C36A2792F7F100F13626 /* EndStageTastyView.swift in Sources */ = {isa = PBXBuildFile; fileRef = CF76C3692792F7F100F13626 /* EndStageTastyView.swift */; };
		CFAEB5A327B3FCEB00758D80 /* FirebaseAnalytics in Frameworks */ = {isa = PBXBuildFile; productRef = CFAEB5A227B3FCEB00758D80 /* FirebaseAnalytics */; };
		CFAEB5A527B3FCEB00758D80 /* FirebaseAuth in Frameworks */ = {isa = PBXBuildFile; productRef = CFAEB5A427B3FCEB00758D80 /* FirebaseAuth */; };
		CFAEB5A727B3FCEB00758D80 /* FirebaseFirestore in Frameworks */ = {isa = PBXBuildFile; productRef = CFAEB5A627B3FCEB00758D80 /* FirebaseFirestore */; };
		CFAEB5A927B3FCEB00758D80 /* FirebaseFirestoreSwift-Beta in Frameworks */ = {isa = PBXBuildFile; productRef = CFAEB5A827B3FCEB00758D80 /* FirebaseFirestoreSwift-Beta */; };
		CFAEB5AB27B401F600758D80 /* FriendMailView.swift in Sources */ = {isa = PBXBuildFile; fileRef = CFAEB5AA27B401F600758D80 /* FriendMailView.swift */; };
		CFAEB5AD27B4021000758D80 /* FriendMailViewModel.swift in Sources */ = {isa = PBXBuildFile; fileRef = CFAEB5AC27B4021000758D80 /* FriendMailViewModel.swift */; };
		CFAEB5AF27B5103000758D80 /* FriendMailCellView.swift in Sources */ = {isa = PBXBuildFile; fileRef = CFAEB5AE27B5103000758D80 /* FriendMailCellView.swift */; };
		CFAEB5B127B62D3C00758D80 /* UserInfoView.swift in Sources */ = {isa = PBXBuildFile; fileRef = CFAEB5B027B62D3C00758D80 /* UserInfoView.swift */; };
		CFAEB5B327B7D6C700758D80 /* FriendSendGameView.swift in Sources */ = {isa = PBXBuildFile; fileRef = CFAEB5B227B7D6C700758D80 /* FriendSendGameView.swift */; };
		CFAEB5B527B7E02100758D80 /* FriendSendGameListView.swift in Sources */ = {isa = PBXBuildFile; fileRef = CFAEB5B427B7E02000758D80 /* FriendSendGameListView.swift */; };
		CFAEB5B727B7E15A00758D80 /* FriendSendGameListCellView.swift in Sources */ = {isa = PBXBuildFile; fileRef = CFAEB5B627B7E15A00758D80 /* FriendSendGameListCellView.swift */; };
		CFF8AB0F27D1E38500248AF7 /* AnimationExt.swift in Sources */ = {isa = PBXBuildFile; fileRef = CFF8AB0E27D1E38500248AF7 /* AnimationExt.swift */; };
/* End PBXBuildFile section */

/* Begin PBXFileReference section */
		CF08538A2761CEDC001DDC70 /* NewGameCardViewModel.swift */ = {isa = PBXFileReference; lastKnownFileType = sourcecode.swift; path = NewGameCardViewModel.swift; sourceTree = "<group>"; };
		CF08538C2761CF39001DDC70 /* GameManager.swift */ = {isa = PBXFileReference; lastKnownFileType = sourcecode.swift; path = GameManager.swift; sourceTree = "<group>"; };
		CF0A2DE4278AB0F700DDDE68 /* GameView.swift */ = {isa = PBXFileReference; lastKnownFileType = sourcecode.swift; path = GameView.swift; sourceTree = "<group>"; };
		CF0A2DE6278AB14200DDDE68 /* GameViewModel.swift */ = {isa = PBXFileReference; lastKnownFileType = sourcecode.swift; path = GameViewModel.swift; sourceTree = "<group>"; };
		CF2062CD2787882C00EABCCE /* CreateGameView.swift */ = {isa = PBXFileReference; lastKnownFileType = sourcecode.swift; path = CreateGameView.swift; sourceTree = "<group>"; };
		CF2062D12787885000EABCCE /* CreateGameViewModel.swift */ = {isa = PBXFileReference; lastKnownFileType = sourcecode.swift; path = CreateGameViewModel.swift; sourceTree = "<group>"; };
		CF2062D427878B6000EABCCE /* DateExt.swift */ = {isa = PBXFileReference; fileEncoding = 4; lastKnownFileType = sourcecode.swift; path = DateExt.swift; sourceTree = "<group>"; };
		CF2062D727878DBB00EABCCE /* NewGameView.swift */ = {isa = PBXFileReference; lastKnownFileType = sourcecode.swift; path = NewGameView.swift; sourceTree = "<group>"; };
		CF2062DB278791C100EABCCE /* SaveGameView.swift */ = {isa = PBXFileReference; lastKnownFileType = sourcecode.swift; path = SaveGameView.swift; sourceTree = "<group>"; };
		CF2062DD2788189600EABCCE /* NewGameCardView.swift */ = {isa = PBXFileReference; lastKnownFileType = sourcecode.swift; path = NewGameCardView.swift; sourceTree = "<group>"; };
		CF2062E22788527C00EABCCE /* GameCardListIView.swift */ = {isa = PBXFileReference; lastKnownFileType = sourcecode.swift; path = GameCardListIView.swift; sourceTree = "<group>"; };
		CF25EA0127B8D48C008EBF98 /* FBManager.swift */ = {isa = PBXFileReference; lastKnownFileType = sourcecode.swift; path = FBManager.swift; sourceTree = "<group>"; };
		CF25EA0327C232C3008EBF98 /* TermsPrivacyView.swift */ = {isa = PBXFileReference; lastKnownFileType = sourcecode.swift; path = TermsPrivacyView.swift; sourceTree = "<group>"; };
		CF29893D275D159700D3C3C1 /* WhoGame.app */ = {isa = PBXFileReference; explicitFileType = wrapper.application; includeInIndex = 0; path = WhoGame.app; sourceTree = BUILT_PRODUCTS_DIR; };
		CF298940275D159700D3C3C1 /* WhoGameApp.swift */ = {isa = PBXFileReference; lastKnownFileType = sourcecode.swift; path = WhoGameApp.swift; sourceTree = "<group>"; };
		CF298942275D159700D3C3C1 /* ContentView.swift */ = {isa = PBXFileReference; lastKnownFileType = sourcecode.swift; path = ContentView.swift; sourceTree = "<group>"; };
		CF298944275D159900D3C3C1 /* Assets.xcassets */ = {isa = PBXFileReference; lastKnownFileType = folder.assetcatalog; path = Assets.xcassets; sourceTree = "<group>"; };
		CF298947275D159900D3C3C1 /* Preview Assets.xcassets */ = {isa = PBXFileReference; lastKnownFileType = folder.assetcatalog; path = "Preview Assets.xcassets"; sourceTree = "<group>"; };
		CF298949275D159900D3C3C1 /* Persistence.swift */ = {isa = PBXFileReference; lastKnownFileType = sourcecode.swift; path = Persistence.swift; sourceTree = "<group>"; };
		CF29894C275D159900D3C3C1 /* WhoGame.xcdatamodel */ = {isa = PBXFileReference; lastKnownFileType = wrapper.xcdatamodel; path = WhoGame.xcdatamodel; sourceTree = "<group>"; };
		CF298953275D162A00D3C3C1 /* MainView.swift */ = {isa = PBXFileReference; lastKnownFileType = sourcecode.swift; path = MainView.swift; sourceTree = "<group>"; };
		CF2C02D427887F2400392BAA /* EditGameCardView.swift */ = {isa = PBXFileReference; lastKnownFileType = sourcecode.swift; path = EditGameCardView.swift; sourceTree = "<group>"; };
		CF2C02D92789B46F00392BAA /* GameListView.swift */ = {isa = PBXFileReference; lastKnownFileType = sourcecode.swift; path = GameListView.swift; sourceTree = "<group>"; };
		CF617527278C387B009953BB /* GameListCellView.swift */ = {isa = PBXFileReference; lastKnownFileType = sourcecode.swift; path = GameListCellView.swift; sourceTree = "<group>"; };
		CF617529278D69C8009953BB /* StartStageView.swift */ = {isa = PBXFileReference; lastKnownFileType = sourcecode.swift; path = StartStageView.swift; sourceTree = "<group>"; };
		CF61752B278D69D9009953BB /* GameStageView.swift */ = {isa = PBXFileReference; lastKnownFileType = sourcecode.swift; path = GameStageView.swift; sourceTree = "<group>"; };
		CF61752D278D69E5009953BB /* EndStageView.swift */ = {isa = PBXFileReference; lastKnownFileType = sourcecode.swift; path = EndStageView.swift; sourceTree = "<group>"; };
		CF617530278D9296009953BB /* GameHistoryView.swift */ = {isa = PBXFileReference; lastKnownFileType = sourcecode.swift; path = GameHistoryView.swift; sourceTree = "<group>"; };
		CF617533278D93C4009953BB /* GameHistoryCellView.swift */ = {isa = PBXFileReference; lastKnownFileType = sourcecode.swift; path = GameHistoryCellView.swift; sourceTree = "<group>"; };
		CF617535278EDF76009953BB /* FilterListView.swift */ = {isa = PBXFileReference; lastKnownFileType = sourcecode.swift; path = FilterListView.swift; sourceTree = "<group>"; };
		CF61753727901B95009953BB /* TypeGameView.swift */ = {isa = PBXFileReference; lastKnownFileType = sourcecode.swift; path = TypeGameView.swift; sourceTree = "<group>"; };
		CF61753927902594009953BB /* NewGameCardTestView.swift */ = {isa = PBXFileReference; lastKnownFileType = sourcecode.swift; path = NewGameCardTestView.swift; sourceTree = "<group>"; };
		CF61753B27904369009953BB /* GameStageTestView.swift */ = {isa = PBXFileReference; lastKnownFileType = sourcecode.swift; path = GameStageTestView.swift; sourceTree = "<group>"; };
		CF618B052793E73200B7DC30 /* BackgroundView.swift */ = {isa = PBXFileReference; lastKnownFileType = sourcecode.swift; path = BackgroundView.swift; sourceTree = "<group>"; };
		CF618B072796854600B7DC30 /* GameHistoryDetailView.swift */ = {isa = PBXFileReference; lastKnownFileType = sourcecode.swift; path = GameHistoryDetailView.swift; sourceTree = "<group>"; };
		CF618B092797F9D300B7DC30 /* Localizable.stringsdict */ = {isa = PBXFileReference; lastKnownFileType = text.plist.stringsdict; path = Localizable.stringsdict; sourceTree = "<group>"; };
		CF618B102798030700B7DC30 /* ru */ = {isa = PBXFileReference; lastKnownFileType = text.plist.strings; name = ru; path = ru.lproj/Localizable.strings; sourceTree = "<group>"; };
		CF618B3827AF97CF00B7DC30 /* LoginViewModel.swift */ = {isa = PBXFileReference; fileEncoding = 4; lastKnownFileType = sourcecode.swift; path = LoginViewModel.swift; sourceTree = "<group>"; };
		CF618B3927AF97CF00B7DC30 /* SignInWithAppleButtonView.swift */ = {isa = PBXFileReference; fileEncoding = 4; lastKnownFileType = sourcecode.swift; path = SignInWithAppleButtonView.swift; sourceTree = "<group>"; };
		CF618B3A27AF97CF00B7DC30 /* LoginView.swift */ = {isa = PBXFileReference; fileEncoding = 4; lastKnownFileType = sourcecode.swift; path = LoginView.swift; sourceTree = "<group>"; };
		CF618B3B27AF97CF00B7DC30 /* SignInView.swift */ = {isa = PBXFileReference; fileEncoding = 4; lastKnownFileType = sourcecode.swift; path = SignInView.swift; sourceTree = "<group>"; };
		CF618B3C27AF97CF00B7DC30 /* ForgotPasswordView.swift */ = {isa = PBXFileReference; fileEncoding = 4; lastKnownFileType = sourcecode.swift; path = ForgotPasswordView.swift; sourceTree = "<group>"; };
		CF618B3D27AF97CF00B7DC30 /* SignUpView.swift */ = {isa = PBXFileReference; fileEncoding = 4; lastKnownFileType = sourcecode.swift; path = SignUpView.swift; sourceTree = "<group>"; };
		CF618B4D27AF9CA800B7DC30 /* ErrorExt.swift */ = {isa = PBXFileReference; fileEncoding = 4; lastKnownFileType = sourcecode.swift; path = ErrorExt.swift; sourceTree = "<group>"; };
		CF618B5227AF9CD100B7DC30 /* FBFireStore.swift */ = {isa = PBXFileReference; fileEncoding = 4; lastKnownFileType = sourcecode.swift; path = FBFireStore.swift; sourceTree = "<group>"; };
		CF618B5327AF9CD100B7DC30 /* FBKeys.swift */ = {isa = PBXFileReference; fileEncoding = 4; lastKnownFileType = sourcecode.swift; path = FBKeys.swift; sourceTree = "<group>"; };
		CF618B5427AF9CD100B7DC30 /* FBFriendRequest.swift */ = {isa = PBXFileReference; fileEncoding = 4; lastKnownFileType = sourcecode.swift; path = FBFriendRequest.swift; sourceTree = "<group>"; };
		CF618B5527AF9CD100B7DC30 /* FBUser.swift */ = {isa = PBXFileReference; fileEncoding = 4; lastKnownFileType = sourcecode.swift; path = FBUser.swift; sourceTree = "<group>"; };
		CF618B5627AF9CD100B7DC30 /* FBFireStoreError.swift */ = {isa = PBXFileReference; fileEncoding = 4; lastKnownFileType = sourcecode.swift; path = FBFireStoreError.swift; sourceTree = "<group>"; };
		CF618B5727AF9CD100B7DC30 /* FBAuth.swift */ = {isa = PBXFileReference; fileEncoding = 4; lastKnownFileType = sourcecode.swift; path = FBAuth.swift; sourceTree = "<group>"; };
		CF618B5827AF9CD100B7DC30 /* FBGame.swift */ = {isa = PBXFileReference; fileEncoding = 4; lastKnownFileType = sourcecode.swift; path = FBGame.swift; sourceTree = "<group>"; };
		CF618B5927AF9CD100B7DC30 /* FBGameCard.swift */ = {isa = PBXFileReference; fileEncoding = 4; lastKnownFileType = sourcecode.swift; path = FBGameCard.swift; sourceTree = "<group>"; };
		CF618B5A27AF9CD100B7DC30 /* FBFriendModel.swift */ = {isa = PBXFileReference; fileEncoding = 4; lastKnownFileType = sourcecode.swift; path = FBFriendModel.swift; sourceTree = "<group>"; };
		CF618B5B27AF9CD100B7DC30 /* FBGameModel.swift */ = {isa = PBXFileReference; fileEncoding = 4; lastKnownFileType = sourcecode.swift; path = FBGameModel.swift; sourceTree = "<group>"; };
		CF618B6727AFC55F00B7DC30 /* GoogleService-Info.plist */ = {isa = PBXFileReference; fileEncoding = 4; lastKnownFileType = text.plist.xml; path = "GoogleService-Info.plist"; sourceTree = "<group>"; };
		CF618B6927AFC82900B7DC30 /* WhoGame.entitlements */ = {isa = PBXFileReference; lastKnownFileType = text.plist.entitlements; path = WhoGame.entitlements; sourceTree = "<group>"; };
		CF618B6A27AFC9E000B7DC30 /* Info.plist */ = {isa = PBXFileReference; lastKnownFileType = text.plist; path = Info.plist; sourceTree = "<group>"; };
		CF618B6B27B0E6C100B7DC30 /* UserInfoPanelView.swift */ = {isa = PBXFileReference; lastKnownFileType = sourcecode.swift; path = UserInfoPanelView.swift; sourceTree = "<group>"; };
		CF618B6E27B10B0100B7DC30 /* GameMenuView.swift */ = {isa = PBXFileReference; lastKnownFileType = sourcecode.swift; path = GameMenuView.swift; sourceTree = "<group>"; };
		CF618B7027B1354200B7DC30 /* FriendsView.swift */ = {isa = PBXFileReference; lastKnownFileType = sourcecode.swift; path = FriendsView.swift; sourceTree = "<group>"; };
		CF618B7227B1355500B7DC30 /* GameMailView.swift */ = {isa = PBXFileReference; lastKnownFileType = sourcecode.swift; path = GameMailView.swift; sourceTree = "<group>"; };
		CF618B7427B23D6900B7DC30 /* FriendsViewModel.swift */ = {isa = PBXFileReference; lastKnownFileType = sourcecode.swift; path = FriendsViewModel.swift; sourceTree = "<group>"; };
		CF618B7627B23D7D00B7DC30 /* GameMailViewModel.swift */ = {isa = PBXFileReference; lastKnownFileType = sourcecode.swift; path = GameMailViewModel.swift; sourceTree = "<group>"; };
		CF618B7A27B27C4200B7DC30 /* FriendRequestCellView.swift */ = {isa = PBXFileReference; lastKnownFileType = sourcecode.swift; path = FriendRequestCellView.swift; sourceTree = "<group>"; };
		CF618B7C27B2857500B7DC30 /* FriendCellView.swift */ = {isa = PBXFileReference; lastKnownFileType = sourcecode.swift; path = FriendCellView.swift; sourceTree = "<group>"; };
		CF618B7E27B3AB5400B7DC30 /* GameMailCellView.swift */ = {isa = PBXFileReference; lastKnownFileType = sourcecode.swift; path = GameMailCellView.swift; sourceTree = "<group>"; };
		CF76C36327929F8900F13626 /* NewGameCardTastyView.swift */ = {isa = PBXFileReference; lastKnownFileType = sourcecode.swift; path = NewGameCardTastyView.swift; sourceTree = "<group>"; };
		CF76C3672792E6E000F13626 /* GameStageTastyView.swift */ = {isa = PBXFileReference; lastKnownFileType = sourcecode.swift; path = GameStageTastyView.swift; sourceTree = "<group>"; };
		CF76C3692792F7F100F13626 /* EndStageTastyView.swift */ = {isa = PBXFileReference; lastKnownFileType = sourcecode.swift; path = EndStageTastyView.swift; sourceTree = "<group>"; };
		CFAEB5AA27B401F600758D80 /* FriendMailView.swift */ = {isa = PBXFileReference; lastKnownFileType = sourcecode.swift; path = FriendMailView.swift; sourceTree = "<group>"; };
		CFAEB5AC27B4021000758D80 /* FriendMailViewModel.swift */ = {isa = PBXFileReference; lastKnownFileType = sourcecode.swift; path = FriendMailViewModel.swift; sourceTree = "<group>"; };
		CFAEB5AE27B5103000758D80 /* FriendMailCellView.swift */ = {isa = PBXFileReference; lastKnownFileType = sourcecode.swift; path = FriendMailCellView.swift; sourceTree = "<group>"; };
		CFAEB5B027B62D3C00758D80 /* UserInfoView.swift */ = {isa = PBXFileReference; lastKnownFileType = sourcecode.swift; path = UserInfoView.swift; sourceTree = "<group>"; };
		CFAEB5B227B7D6C700758D80 /* FriendSendGameView.swift */ = {isa = PBXFileReference; lastKnownFileType = sourcecode.swift; path = FriendSendGameView.swift; sourceTree = "<group>"; };
		CFAEB5B427B7E02000758D80 /* FriendSendGameListView.swift */ = {isa = PBXFileReference; lastKnownFileType = sourcecode.swift; path = FriendSendGameListView.swift; sourceTree = "<group>"; };
		CFAEB5B627B7E15A00758D80 /* FriendSendGameListCellView.swift */ = {isa = PBXFileReference; lastKnownFileType = sourcecode.swift; path = FriendSendGameListCellView.swift; sourceTree = "<group>"; };
		CFF8AB0E27D1E38500248AF7 /* AnimationExt.swift */ = {isa = PBXFileReference; lastKnownFileType = sourcecode.swift; path = AnimationExt.swift; sourceTree = "<group>"; };
/* End PBXFileReference section */

/* Begin PBXFrameworksBuildPhase section */
		CF29893A275D159700D3C3C1 /* Frameworks */ = {
			isa = PBXFrameworksBuildPhase;
			buildActionMask = 2147483647;
			files = (
				CFAEB5A327B3FCEB00758D80 /* FirebaseAnalytics in Frameworks */,
				CFAEB5A927B3FCEB00758D80 /* FirebaseFirestoreSwift-Beta in Frameworks */,
				CFAEB5A527B3FCEB00758D80 /* FirebaseAuth in Frameworks */,
				CFAEB5A727B3FCEB00758D80 /* FirebaseFirestore in Frameworks */,
			);
			runOnlyForDeploymentPostprocessing = 0;
		};
/* End PBXFrameworksBuildPhase section */

/* Begin PBXGroup section */
		CF08537C2761B169001DDC70 /* MainView */ = {
			isa = PBXGroup;
			children = (
				CF298953275D162A00D3C3C1 /* MainView.swift */,
				CF618B6E27B10B0100B7DC30 /* GameMenuView.swift */,
				CF618B052793E73200B7DC30 /* BackgroundView.swift */,
				CF25EA0327C232C3008EBF98 /* TermsPrivacyView.swift */,
				CF618B6D27B0E6C600B7DC30 /* UserInfo */,
				CF617532278D929D009953BB /* GameHistory */,
				CF0A2DE32789CE4000DDDE68 /* Play */,
				CF2C02DB2789B48000392BAA /* Games */,
				CF2062D02787883F00EABCCE /* CreateGameView */,
			);
			path = MainView;
			sourceTree = "<group>";
		};
		CF0853812761B25F001DDC70 /* Managers */ = {
			isa = PBXGroup;
			children = (
				CF08538C2761CF39001DDC70 /* GameManager.swift */,
				CF25EA0127B8D48C008EBF98 /* FBManager.swift */,
			);
			path = Managers;
			sourceTree = "<group>";
		};
		CF0A2DE32789CE4000DDDE68 /* Play */ = {
			isa = PBXGroup;
			children = (
				CF0A2DE4278AB0F700DDDE68 /* GameView.swift */,
				CF0A2DE6278AB14200DDDE68 /* GameViewModel.swift */,
				CF61752F278D69EB009953BB /* GameDetail */,
			);
			path = Play;
			sourceTree = "<group>";
		};
		CF2062D02787883F00EABCCE /* CreateGameView */ = {
			isa = PBXGroup;
			children = (
				CF2062CD2787882C00EABCCE /* CreateGameView.swift */,
				CF2062D12787885000EABCCE /* CreateGameViewModel.swift */,
				CF2062D627878D7700EABCCE /* Detail */,
			);
			path = CreateGameView;
			sourceTree = "<group>";
		};
		CF2062D327878B4600EABCCE /* Extention */ = {
			isa = PBXGroup;
			children = (
				CF618B4D27AF9CA800B7DC30 /* ErrorExt.swift */,
				CFF8AB0E27D1E38500248AF7 /* AnimationExt.swift */,
				CF2062D427878B6000EABCCE /* DateExt.swift */,
			);
			path = Extention;
			sourceTree = "<group>";
		};
		CF2062D627878D7700EABCCE /* Detail */ = {
			isa = PBXGroup;
			children = (
				CF2062D727878DBB00EABCCE /* NewGameView.swift */,
				CF2062DB278791C100EABCCE /* SaveGameView.swift */,
				CF2062E22788527C00EABCCE /* GameCardListIView.swift */,
				CF61753727901B95009953BB /* TypeGameView.swift */,
				CF2062DF2788189F00EABCCE /* NewGameCard */,
			);
			path = Detail;
			sourceTree = "<group>";
		};
		CF2062DF2788189F00EABCCE /* NewGameCard */ = {
			isa = PBXGroup;
			children = (
				CF2062DD2788189600EABCCE /* NewGameCardView.swift */,
				CF61753927902594009953BB /* NewGameCardTestView.swift */,
				CF76C36327929F8900F13626 /* NewGameCardTastyView.swift */,
				CF08538A2761CEDC001DDC70 /* NewGameCardViewModel.swift */,
				CF2C02D427887F2400392BAA /* EditGameCardView.swift */,
			);
			path = NewGameCard;
			sourceTree = "<group>";
		};
		CF298934275D159700D3C3C1 = {
			isa = PBXGroup;
			children = (
				CF618B0F2798030700B7DC30 /* Localizable.strings */,
				CF618B092797F9D300B7DC30 /* Localizable.stringsdict */,
				CF29893F275D159700D3C3C1 /* WhoGame */,
				CF29893E275D159700D3C3C1 /* Products */,
			);
			sourceTree = "<group>";
		};
		CF29893E275D159700D3C3C1 /* Products */ = {
			isa = PBXGroup;
			children = (
				CF29893D275D159700D3C3C1 /* WhoGame.app */,
			);
			name = Products;
			sourceTree = "<group>";
		};
		CF29893F275D159700D3C3C1 /* WhoGame */ = {
			isa = PBXGroup;
			children = (
				CF618B6A27AFC9E000B7DC30 /* Info.plist */,
				CF618B6927AFC82900B7DC30 /* WhoGame.entitlements */,
				CF618B4F27AF9CD100B7DC30 /* Models */,
				CF618B3727AF97CF00B7DC30 /* Login */,
				CF2062D327878B4600EABCCE /* Extention */,
				CF0853812761B25F001DDC70 /* Managers */,
				CF08537C2761B169001DDC70 /* MainView */,
				CF298955275D169E00D3C3C1 /* Coredata */,
				CF298940275D159700D3C3C1 /* WhoGameApp.swift */,
				CF618B6727AFC55F00B7DC30 /* GoogleService-Info.plist */,
				CF298942275D159700D3C3C1 /* ContentView.swift */,
				CF298944275D159900D3C3C1 /* Assets.xcassets */,
				CF298946275D159900D3C3C1 /* Preview Content */,
			);
			path = WhoGame;
			sourceTree = "<group>";
		};
		CF298946275D159900D3C3C1 /* Preview Content */ = {
			isa = PBXGroup;
			children = (
				CF298947275D159900D3C3C1 /* Preview Assets.xcassets */,
			);
			path = "Preview Content";
			sourceTree = "<group>";
		};
		CF298955275D169E00D3C3C1 /* Coredata */ = {
			isa = PBXGroup;
			children = (
				CF29894B275D159900D3C3C1 /* WhoGame.xcdatamodeld */,
				CF298949275D159900D3C3C1 /* Persistence.swift */,
			);
			path = Coredata;
			sourceTree = "<group>";
		};
		CF2C02DB2789B48000392BAA /* Games */ = {
			isa = PBXGroup;
			children = (
				CF2C02D92789B46F00392BAA /* GameListView.swift */,
				CF617535278EDF76009953BB /* FilterListView.swift */,
				CF617527278C387B009953BB /* GameListCellView.swift */,
				CFAEB5AA27B401F600758D80 /* FriendMailView.swift */,
				CFAEB5AE27B5103000758D80 /* FriendMailCellView.swift */,
				CFAEB5AC27B4021000758D80 /* FriendMailViewModel.swift */,
			);
			path = Games;
			sourceTree = "<group>";
		};
		CF61752F278D69EB009953BB /* GameDetail */ = {
			isa = PBXGroup;
			children = (
				CF617529278D69C8009953BB /* StartStageView.swift */,
				CF61752B278D69D9009953BB /* GameStageView.swift */,
				CF61753B27904369009953BB /* GameStageTestView.swift */,
				CF76C3672792E6E000F13626 /* GameStageTastyView.swift */,
				CF61752D278D69E5009953BB /* EndStageView.swift */,
				CF76C3692792F7F100F13626 /* EndStageTastyView.swift */,
			);
			path = GameDetail;
			sourceTree = "<group>";
		};
		CF617532278D929D009953BB /* GameHistory */ = {
			isa = PBXGroup;
			children = (
				CF617530278D9296009953BB /* GameHistoryView.swift */,
				CF617533278D93C4009953BB /* GameHistoryCellView.swift */,
				CF618B072796854600B7DC30 /* GameHistoryDetailView.swift */,
			);
			path = GameHistory;
			sourceTree = "<group>";
		};
		CF618B3727AF97CF00B7DC30 /* Login */ = {
			isa = PBXGroup;
			children = (
				CF618B3827AF97CF00B7DC30 /* LoginViewModel.swift */,
				CF618B3927AF97CF00B7DC30 /* SignInWithAppleButtonView.swift */,
				CF618B3A27AF97CF00B7DC30 /* LoginView.swift */,
				CF618B3B27AF97CF00B7DC30 /* SignInView.swift */,
				CF618B3C27AF97CF00B7DC30 /* ForgotPasswordView.swift */,
				CF618B3D27AF97CF00B7DC30 /* SignUpView.swift */,
			);
			path = Login;
			sourceTree = "<group>";
		};
		CF618B4F27AF9CD100B7DC30 /* Models */ = {
			isa = PBXGroup;
			children = (
				CF618B5127AF9CD100B7DC30 /* FireBase */,
			);
			path = Models;
			sourceTree = "<group>";
		};
		CF618B5127AF9CD100B7DC30 /* FireBase */ = {
			isa = PBXGroup;
			children = (
				CF618B5227AF9CD100B7DC30 /* FBFireStore.swift */,
				CF618B5327AF9CD100B7DC30 /* FBKeys.swift */,
				CF618B5427AF9CD100B7DC30 /* FBFriendRequest.swift */,
				CF618B5527AF9CD100B7DC30 /* FBUser.swift */,
				CF618B5627AF9CD100B7DC30 /* FBFireStoreError.swift */,
				CF618B5727AF9CD100B7DC30 /* FBAuth.swift */,
				CF618B5827AF9CD100B7DC30 /* FBGame.swift */,
				CF618B5927AF9CD100B7DC30 /* FBGameCard.swift */,
				CF618B5A27AF9CD100B7DC30 /* FBFriendModel.swift */,
				CF618B5B27AF9CD100B7DC30 /* FBGameModel.swift */,
			);
			path = FireBase;
			sourceTree = "<group>";
		};
		CF618B6D27B0E6C600B7DC30 /* UserInfo */ = {
			isa = PBXGroup;
			children = (
				CF618B6B27B0E6C100B7DC30 /* UserInfoPanelView.swift */,
				CFAEB5B027B62D3C00758D80 /* UserInfoView.swift */,
				CF618B7827B23D8400B7DC30 /* Friends */,
				CF618B7927B23D8E00B7DC30 /* Mail */,
			);
			path = UserInfo;
			sourceTree = "<group>";
		};
		CF618B7827B23D8400B7DC30 /* Friends */ = {
			isa = PBXGroup;
			children = (
				CF618B7027B1354200B7DC30 /* FriendsView.swift */,
				CF618B7A27B27C4200B7DC30 /* FriendRequestCellView.swift */,
				CF618B7C27B2857500B7DC30 /* FriendCellView.swift */,
				CF618B7427B23D6900B7DC30 /* FriendsViewModel.swift */,
				CFAEB5B227B7D6C700758D80 /* FriendSendGameView.swift */,
				CFAEB5B427B7E02000758D80 /* FriendSendGameListView.swift */,
				CFAEB5B627B7E15A00758D80 /* FriendSendGameListCellView.swift */,
			);
			path = Friends;
			sourceTree = "<group>";
		};
		CF618B7927B23D8E00B7DC30 /* Mail */ = {
			isa = PBXGroup;
			children = (
				CF618B7227B1355500B7DC30 /* GameMailView.swift */,
				CF618B7E27B3AB5400B7DC30 /* GameMailCellView.swift */,
				CF618B7627B23D7D00B7DC30 /* GameMailViewModel.swift */,
			);
			path = Mail;
			sourceTree = "<group>";
		};
/* End PBXGroup section */

/* Begin PBXNativeTarget section */
		CF29893C275D159700D3C3C1 /* WhoGame */ = {
			isa = PBXNativeTarget;
			buildConfigurationList = CF298950275D159900D3C3C1 /* Build configuration list for PBXNativeTarget "WhoGame" */;
			buildPhases = (
				CF298939275D159700D3C3C1 /* Sources */,
				CF29893A275D159700D3C3C1 /* Frameworks */,
				CF29893B275D159700D3C3C1 /* Resources */,
			);
			buildRules = (
			);
			dependencies = (
			);
			name = WhoGame;
			packageProductDependencies = (
				CFAEB5A227B3FCEB00758D80 /* FirebaseAnalytics */,
				CFAEB5A427B3FCEB00758D80 /* FirebaseAuth */,
				CFAEB5A627B3FCEB00758D80 /* FirebaseFirestore */,
				CFAEB5A827B3FCEB00758D80 /* FirebaseFirestoreSwift-Beta */,
			);
			productName = WhoGame;
			productReference = CF29893D275D159700D3C3C1 /* WhoGame.app */;
			productType = "com.apple.product-type.application";
		};
/* End PBXNativeTarget section */

/* Begin PBXProject section */
		CF298935275D159700D3C3C1 /* Project object */ = {
			isa = PBXProject;
			attributes = {
				BuildIndependentTargetsInParallel = 1;
				LastSwiftUpdateCheck = 1310;
				LastUpgradeCheck = 1310;
				TargetAttributes = {
					CF29893C275D159700D3C3C1 = {
						CreatedOnToolsVersion = 13.1;
					};
				};
			};
			buildConfigurationList = CF298938275D159700D3C3C1 /* Build configuration list for PBXProject "WhoGame" */;
			compatibilityVersion = "Xcode 13.0";
			developmentRegion = en;
			hasScannedForEncodings = 0;
			knownRegions = (
				en,
				Base,
				ru,
			);
			mainGroup = CF298934275D159700D3C3C1;
			packageReferences = (
				CFAEB5A127B3FCEA00758D80 /* XCRemoteSwiftPackageReference "firebase-ios-sdk" */,
			);
			productRefGroup = CF29893E275D159700D3C3C1 /* Products */;
			projectDirPath = "";
			projectRoot = "";
			targets = (
				CF29893C275D159700D3C3C1 /* WhoGame */,
			);
		};
/* End PBXProject section */

/* Begin PBXResourcesBuildPhase section */
		CF29893B275D159700D3C3C1 /* Resources */ = {
			isa = PBXResourcesBuildPhase;
			buildActionMask = 2147483647;
			files = (
				CF298948275D159900D3C3C1 /* Preview Assets.xcassets in Resources */,
				CF618B112798030700B7DC30 /* Localizable.strings in Resources */,
				CF618B6827AFC55F00B7DC30 /* GoogleService-Info.plist in Resources */,
				CF298945275D159900D3C3C1 /* Assets.xcassets in Resources */,
				CF618B0A2797F9D300B7DC30 /* Localizable.stringsdict in Resources */,
			);
			runOnlyForDeploymentPostprocessing = 0;
		};
/* End PBXResourcesBuildPhase section */

/* Begin PBXSourcesBuildPhase section */
		CF298939275D159700D3C3C1 /* Sources */ = {
			isa = PBXSourcesBuildPhase;
			buildActionMask = 2147483647;
			files = (
				CFAEB5B727B7E15A00758D80 /* FriendSendGameListCellView.swift in Sources */,
				CF76C36A2792F7F100F13626 /* EndStageTastyView.swift in Sources */,
				CF618B082796854600B7DC30 /* GameHistoryDetailView.swift in Sources */,
				CF618B7D27B2857500B7DC30 /* FriendCellView.swift in Sources */,
				CF61752A278D69C8009953BB /* StartStageView.swift in Sources */,
				CF618B5D27AF9CD100B7DC30 /* FBFireStore.swift in Sources */,
				CF2062CE2787882C00EABCCE /* CreateGameView.swift in Sources */,
				CF618B7327B1355500B7DC30 /* GameMailView.swift in Sources */,
				CFAEB5AF27B5103000758D80 /* FriendMailCellView.swift in Sources */,
				CF618B7B27B27C4200B7DC30 /* FriendRequestCellView.swift in Sources */,
				CF617531278D9296009953BB /* GameHistoryView.swift in Sources */,
				CF618B6027AF9CD100B7DC30 /* FBUser.swift in Sources */,
				CF2C02D527887F2400392BAA /* EditGameCardView.swift in Sources */,
				CF29894D275D159900D3C3C1 /* WhoGame.xcdatamodeld in Sources */,
				CF0A2DE5278AB0F700DDDE68 /* GameView.swift in Sources */,
				CF08538B2761CEDC001DDC70 /* NewGameCardViewModel.swift in Sources */,
				CF29894A275D159900D3C3C1 /* Persistence.swift in Sources */,
				CF618B4227AF97D000B7DC30 /* ForgotPasswordView.swift in Sources */,
				CF618B6527AF9CD100B7DC30 /* FBFriendModel.swift in Sources */,
				CF618B3E27AF97D000B7DC30 /* LoginViewModel.swift in Sources */,
				CF618B6C27B0E6C100B7DC30 /* UserInfoPanelView.swift in Sources */,
				CF08538D2761CF3A001DDC70 /* GameManager.swift in Sources */,
				CF618B062793E73200B7DC30 /* BackgroundView.swift in Sources */,
				CF618B7727B23D7D00B7DC30 /* GameMailViewModel.swift in Sources */,
				CF2062DE2788189600EABCCE /* NewGameCardView.swift in Sources */,
				CF25EA0427C232C3008EBF98 /* TermsPrivacyView.swift in Sources */,
				CF2062D22787885000EABCCE /* CreateGameViewModel.swift in Sources */,
				CF618B6627AF9CD100B7DC30 /* FBGameModel.swift in Sources */,
				CF61753C27904369009953BB /* GameStageTestView.swift in Sources */,
				CFAEB5AB27B401F600758D80 /* FriendMailView.swift in Sources */,
				CF618B4127AF97D000B7DC30 /* SignInView.swift in Sources */,
				CF618B6227AF9CD100B7DC30 /* FBAuth.swift in Sources */,
				CFF8AB0F27D1E38500248AF7 /* AnimationExt.swift in Sources */,
				CF617536278EDF76009953BB /* FilterListView.swift in Sources */,
				CF2062D527878B6000EABCCE /* DateExt.swift in Sources */,
				CF2062DC278791C100EABCCE /* SaveGameView.swift in Sources */,
				CF298943275D159700D3C3C1 /* ContentView.swift in Sources */,
				CF76C36427929F8900F13626 /* NewGameCardTastyView.swift in Sources */,
				CF61752E278D69E5009953BB /* EndStageView.swift in Sources */,
				CFAEB5B127B62D3C00758D80 /* UserInfoView.swift in Sources */,
				CF61753827901B95009953BB /* TypeGameView.swift in Sources */,
				CF25EA0227B8D48C008EBF98 /* FBManager.swift in Sources */,
				CF618B6F27B10B0100B7DC30 /* GameMenuView.swift in Sources */,
				CF617528278C387B009953BB /* GameListCellView.swift in Sources */,
				CFAEB5AD27B4021000758D80 /* FriendMailViewModel.swift in Sources */,
				CF2C02DA2789B46F00392BAA /* GameListView.swift in Sources */,
				CFAEB5B327B7D6C700758D80 /* FriendSendGameView.swift in Sources */,
				CF298954275D162A00D3C3C1 /* MainView.swift in Sources */,
				CF0A2DE7278AB14200DDDE68 /* GameViewModel.swift in Sources */,
				CF618B7F27B3AB5400B7DC30 /* GameMailCellView.swift in Sources */,
				CF618B3F27AF97D000B7DC30 /* SignInWithAppleButtonView.swift in Sources */,
				CF617534278D93C4009953BB /* GameHistoryCellView.swift in Sources */,
				CF298941275D159700D3C3C1 /* WhoGameApp.swift in Sources */,
				CF618B4027AF97D000B7DC30 /* LoginView.swift in Sources */,
				CF618B7127B1354200B7DC30 /* FriendsView.swift in Sources */,
				CF618B6427AF9CD100B7DC30 /* FBGameCard.swift in Sources */,
				CF2062E32788527C00EABCCE /* GameCardListIView.swift in Sources */,
				CF618B4327AF97D000B7DC30 /* SignUpView.swift in Sources */,
				CFAEB5B527B7E02100758D80 /* FriendSendGameListView.swift in Sources */,
				CF618B6127AF9CD100B7DC30 /* FBFireStoreError.swift in Sources */,
				CF618B7527B23D6A00B7DC30 /* FriendsViewModel.swift in Sources */,
				CF618B5E27AF9CD100B7DC30 /* FBKeys.swift in Sources */,
				CF61752C278D69D9009953BB /* GameStageView.swift in Sources */,
				CF618B4E27AF9CA800B7DC30 /* ErrorExt.swift in Sources */,
				CF2062D827878DBB00EABCCE /* NewGameView.swift in Sources */,
				CF618B5F27AF9CD100B7DC30 /* FBFriendRequest.swift in Sources */,
				CF618B6327AF9CD100B7DC30 /* FBGame.swift in Sources */,
				CF61753A27902594009953BB /* NewGameCardTestView.swift in Sources */,
				CF76C3682792E6E000F13626 /* GameStageTastyView.swift in Sources */,
			);
			runOnlyForDeploymentPostprocessing = 0;
		};
/* End PBXSourcesBuildPhase section */

/* Begin PBXVariantGroup section */
		CF618B0F2798030700B7DC30 /* Localizable.strings */ = {
			isa = PBXVariantGroup;
			children = (
				CF618B102798030700B7DC30 /* ru */,
			);
			name = Localizable.strings;
			sourceTree = "<group>";
		};
/* End PBXVariantGroup section */

/* Begin XCBuildConfiguration section */
		CF29894E275D159900D3C3C1 /* Debug */ = {
			isa = XCBuildConfiguration;
			buildSettings = {
				ALWAYS_SEARCH_USER_PATHS = NO;
				CLANG_ANALYZER_LOCALIZABILITY_EMPTY_CONTEXT = YES;
				CLANG_ANALYZER_LOCALIZABILITY_NONLOCALIZED = YES;
				CLANG_ANALYZER_NONNULL = YES;
				CLANG_ANALYZER_NUMBER_OBJECT_CONVERSION = YES_AGGRESSIVE;
				CLANG_CXX_LANGUAGE_STANDARD = "gnu++17";
				CLANG_CXX_LIBRARY = "libc++";
				CLANG_ENABLE_MODULES = YES;
				CLANG_ENABLE_OBJC_ARC = YES;
				CLANG_ENABLE_OBJC_WEAK = YES;
				CLANG_WARN_BLOCK_CAPTURE_AUTORELEASING = YES;
				CLANG_WARN_BOOL_CONVERSION = YES;
				CLANG_WARN_COMMA = YES;
				CLANG_WARN_CONSTANT_CONVERSION = YES;
				CLANG_WARN_DEPRECATED_OBJC_IMPLEMENTATIONS = YES;
				CLANG_WARN_DIRECT_OBJC_ISA_USAGE = YES_ERROR;
				CLANG_WARN_DOCUMENTATION_COMMENTS = YES;
				CLANG_WARN_EMPTY_BODY = YES;
				CLANG_WARN_ENUM_CONVERSION = YES;
				CLANG_WARN_INFINITE_RECURSION = YES;
				CLANG_WARN_INT_CONVERSION = YES;
				CLANG_WARN_NON_LITERAL_NULL_CONVERSION = YES;
				CLANG_WARN_OBJC_IMPLICIT_RETAIN_SELF = YES;
				CLANG_WARN_OBJC_LITERAL_CONVERSION = YES;
				CLANG_WARN_OBJC_ROOT_CLASS = YES_ERROR;
				CLANG_WARN_QUOTED_INCLUDE_IN_FRAMEWORK_HEADER = YES;
				CLANG_WARN_RANGE_LOOP_ANALYSIS = YES;
				CLANG_WARN_STRICT_PROTOTYPES = YES;
				CLANG_WARN_SUSPICIOUS_MOVE = YES;
				CLANG_WARN_UNGUARDED_AVAILABILITY = YES_AGGRESSIVE;
				CLANG_WARN_UNREACHABLE_CODE = YES;
				CLANG_WARN__DUPLICATE_METHOD_MATCH = YES;
				COPY_PHASE_STRIP = NO;
				DEBUG_INFORMATION_FORMAT = dwarf;
				ENABLE_STRICT_OBJC_MSGSEND = YES;
				ENABLE_TESTABILITY = YES;
				GCC_C_LANGUAGE_STANDARD = gnu11;
				GCC_DYNAMIC_NO_PIC = NO;
				GCC_NO_COMMON_BLOCKS = YES;
				GCC_OPTIMIZATION_LEVEL = 0;
				GCC_PREPROCESSOR_DEFINITIONS = (
					"DEBUG=1",
					"$(inherited)",
				);
				GCC_WARN_64_TO_32_BIT_CONVERSION = YES;
				GCC_WARN_ABOUT_RETURN_TYPE = YES_ERROR;
				GCC_WARN_UNDECLARED_SELECTOR = YES;
				GCC_WARN_UNINITIALIZED_AUTOS = YES_AGGRESSIVE;
				GCC_WARN_UNUSED_FUNCTION = YES;
				GCC_WARN_UNUSED_VARIABLE = YES;
				IPHONEOS_DEPLOYMENT_TARGET = 15.0;
				MTL_ENABLE_DEBUG_INFO = INCLUDE_SOURCE;
				MTL_FAST_MATH = YES;
				ONLY_ACTIVE_ARCH = YES;
				SDKROOT = iphoneos;
				SWIFT_ACTIVE_COMPILATION_CONDITIONS = DEBUG;
				SWIFT_EMIT_LOC_STRINGS = YES;
				SWIFT_OPTIMIZATION_LEVEL = "-Onone";
			};
			name = Debug;
		};
		CF29894F275D159900D3C3C1 /* Release */ = {
			isa = XCBuildConfiguration;
			buildSettings = {
				ALWAYS_SEARCH_USER_PATHS = NO;
				CLANG_ANALYZER_LOCALIZABILITY_EMPTY_CONTEXT = YES;
				CLANG_ANALYZER_LOCALIZABILITY_NONLOCALIZED = YES;
				CLANG_ANALYZER_NONNULL = YES;
				CLANG_ANALYZER_NUMBER_OBJECT_CONVERSION = YES_AGGRESSIVE;
				CLANG_CXX_LANGUAGE_STANDARD = "gnu++17";
				CLANG_CXX_LIBRARY = "libc++";
				CLANG_ENABLE_MODULES = YES;
				CLANG_ENABLE_OBJC_ARC = YES;
				CLANG_ENABLE_OBJC_WEAK = YES;
				CLANG_WARN_BLOCK_CAPTURE_AUTORELEASING = YES;
				CLANG_WARN_BOOL_CONVERSION = YES;
				CLANG_WARN_COMMA = YES;
				CLANG_WARN_CONSTANT_CONVERSION = YES;
				CLANG_WARN_DEPRECATED_OBJC_IMPLEMENTATIONS = YES;
				CLANG_WARN_DIRECT_OBJC_ISA_USAGE = YES_ERROR;
				CLANG_WARN_DOCUMENTATION_COMMENTS = YES;
				CLANG_WARN_EMPTY_BODY = YES;
				CLANG_WARN_ENUM_CONVERSION = YES;
				CLANG_WARN_INFINITE_RECURSION = YES;
				CLANG_WARN_INT_CONVERSION = YES;
				CLANG_WARN_NON_LITERAL_NULL_CONVERSION = YES;
				CLANG_WARN_OBJC_IMPLICIT_RETAIN_SELF = YES;
				CLANG_WARN_OBJC_LITERAL_CONVERSION = YES;
				CLANG_WARN_OBJC_ROOT_CLASS = YES_ERROR;
				CLANG_WARN_QUOTED_INCLUDE_IN_FRAMEWORK_HEADER = YES;
				CLANG_WARN_RANGE_LOOP_ANALYSIS = YES;
				CLANG_WARN_STRICT_PROTOTYPES = YES;
				CLANG_WARN_SUSPICIOUS_MOVE = YES;
				CLANG_WARN_UNGUARDED_AVAILABILITY = YES_AGGRESSIVE;
				CLANG_WARN_UNREACHABLE_CODE = YES;
				CLANG_WARN__DUPLICATE_METHOD_MATCH = YES;
				COPY_PHASE_STRIP = NO;
				DEBUG_INFORMATION_FORMAT = "dwarf-with-dsym";
				ENABLE_NS_ASSERTIONS = NO;
				ENABLE_STRICT_OBJC_MSGSEND = YES;
				GCC_C_LANGUAGE_STANDARD = gnu11;
				GCC_NO_COMMON_BLOCKS = YES;
				GCC_WARN_64_TO_32_BIT_CONVERSION = YES;
				GCC_WARN_ABOUT_RETURN_TYPE = YES_ERROR;
				GCC_WARN_UNDECLARED_SELECTOR = YES;
				GCC_WARN_UNINITIALIZED_AUTOS = YES_AGGRESSIVE;
				GCC_WARN_UNUSED_FUNCTION = YES;
				GCC_WARN_UNUSED_VARIABLE = YES;
				IPHONEOS_DEPLOYMENT_TARGET = 15.0;
				MTL_ENABLE_DEBUG_INFO = NO;
				MTL_FAST_MATH = YES;
				SDKROOT = iphoneos;
				SWIFT_COMPILATION_MODE = wholemodule;
				SWIFT_EMIT_LOC_STRINGS = YES;
				SWIFT_OPTIMIZATION_LEVEL = "-O";
				VALIDATE_PRODUCT = YES;
			};
			name = Release;
		};
		CF298951275D159900D3C3C1 /* Debug */ = {
			isa = XCBuildConfiguration;
			buildSettings = {
				ASSETCATALOG_COMPILER_APPICON_NAME = AppIcon;
				ASSETCATALOG_COMPILER_GLOBAL_ACCENT_COLOR_NAME = AccentColor;
				CODE_SIGN_ENTITLEMENTS = WhoGame/WhoGame.entitlements;
				CODE_SIGN_STYLE = Automatic;
				CURRENT_PROJECT_VERSION = 5;
				DEVELOPMENT_ASSET_PATHS = "\"WhoGame/Preview Content\"";
				DEVELOPMENT_TEAM = 5S24UZWM65;
				ENABLE_PREVIEWS = YES;
				GENERATE_INFOPLIST_FILE = YES;
				INFOPLIST_FILE = WhoGame/Info.plist;
				INFOPLIST_KEY_CFBundleDisplayName = "Who!";
				INFOPLIST_KEY_UIApplicationSceneManifest_Generation = YES;
				INFOPLIST_KEY_UIApplicationSupportsIndirectInputEvents = YES;
				INFOPLIST_KEY_UILaunchScreen_Generation = YES;
				INFOPLIST_KEY_UISupportedInterfaceOrientations = UIInterfaceOrientationPortrait;
				INFOPLIST_KEY_UISupportedInterfaceOrientations_iPad = "UIInterfaceOrientationPortrait UIInterfaceOrientationPortraitUpsideDown UIInterfaceOrientationLandscapeLeft UIInterfaceOrientationLandscapeRight";
				INFOPLIST_KEY_UISupportedInterfaceOrientations_iPhone = UIInterfaceOrientationPortrait;
				LD_RUNPATH_SEARCH_PATHS = (
					"$(inherited)",
					"@executable_path/Frameworks",
				);
				MARKETING_VERSION = 1.1;
				PRODUCT_BUNDLE_IDENTIFIER = ru.imarishin.WhoGame;
				PRODUCT_NAME = "$(TARGET_NAME)";
				SWIFT_EMIT_LOC_STRINGS = YES;
				SWIFT_VERSION = 5.0;
				TARGETED_DEVICE_FAMILY = 1;
			};
			name = Debug;
		};
		CF298952275D159900D3C3C1 /* Release */ = {
			isa = XCBuildConfiguration;
			buildSettings = {
				ASSETCATALOG_COMPILER_APPICON_NAME = AppIcon;
				ASSETCATALOG_COMPILER_GLOBAL_ACCENT_COLOR_NAME = AccentColor;
				CODE_SIGN_ENTITLEMENTS = WhoGame/WhoGame.entitlements;
				CODE_SIGN_STYLE = Automatic;
				CURRENT_PROJECT_VERSION = 5;
				DEVELOPMENT_ASSET_PATHS = "\"WhoGame/Preview Content\"";
				DEVELOPMENT_TEAM = 5S24UZWM65;
				ENABLE_PREVIEWS = YES;
				GENERATE_INFOPLIST_FILE = YES;
				INFOPLIST_FILE = WhoGame/Info.plist;
				INFOPLIST_KEY_CFBundleDisplayName = "Who!";
				INFOPLIST_KEY_UIApplicationSceneManifest_Generation = YES;
				INFOPLIST_KEY_UIApplicationSupportsIndirectInputEvents = YES;
				INFOPLIST_KEY_UILaunchScreen_Generation = YES;
				INFOPLIST_KEY_UISupportedInterfaceOrientations = UIInterfaceOrientationPortrait;
				INFOPLIST_KEY_UISupportedInterfaceOrientations_iPad = "UIInterfaceOrientationPortrait UIInterfaceOrientationPortraitUpsideDown UIInterfaceOrientationLandscapeLeft UIInterfaceOrientationLandscapeRight";
				INFOPLIST_KEY_UISupportedInterfaceOrientations_iPhone = UIInterfaceOrientationPortrait;
				LD_RUNPATH_SEARCH_PATHS = (
					"$(inherited)",
					"@executable_path/Frameworks",
				);
				MARKETING_VERSION = 1.1;
				PRODUCT_BUNDLE_IDENTIFIER = ru.imarishin.WhoGame;
				PRODUCT_NAME = "$(TARGET_NAME)";
				SWIFT_EMIT_LOC_STRINGS = YES;
				SWIFT_VERSION = 5.0;
				TARGETED_DEVICE_FAMILY = 1;
			};
			name = Release;
		};
/* End XCBuildConfiguration section */

/* Begin XCConfigurationList section */
		CF298938275D159700D3C3C1 /* Build configuration list for PBXProject "WhoGame" */ = {
			isa = XCConfigurationList;
			buildConfigurations = (
				CF29894E275D159900D3C3C1 /* Debug */,
				CF29894F275D159900D3C3C1 /* Release */,
			);
			defaultConfigurationIsVisible = 0;
			defaultConfigurationName = Release;
		};
		CF298950275D159900D3C3C1 /* Build configuration list for PBXNativeTarget "WhoGame" */ = {
			isa = XCConfigurationList;
			buildConfigurations = (
				CF298951275D159900D3C3C1 /* Debug */,
				CF298952275D159900D3C3C1 /* Release */,
			);
			defaultConfigurationIsVisible = 0;
			defaultConfigurationName = Release;
		};
/* End XCConfigurationList section */

/* Begin XCRemoteSwiftPackageReference section */
		CFAEB5A127B3FCEA00758D80 /* XCRemoteSwiftPackageReference "firebase-ios-sdk" */ = {
			isa = XCRemoteSwiftPackageReference;
			repositoryURL = "https://github.com/firebase/firebase-ios-sdk";
			requirement = {
				kind = upToNextMajorVersion;
				minimumVersion = 8.0.0;
			};
		};
/* End XCRemoteSwiftPackageReference section */

/* Begin XCSwiftPackageProductDependency section */
		CFAEB5A227B3FCEB00758D80 /* FirebaseAnalytics */ = {
			isa = XCSwiftPackageProductDependency;
			package = CFAEB5A127B3FCEA00758D80 /* XCRemoteSwiftPackageReference "firebase-ios-sdk" */;
			productName = FirebaseAnalytics;
		};
		CFAEB5A427B3FCEB00758D80 /* FirebaseAuth */ = {
			isa = XCSwiftPackageProductDependency;
			package = CFAEB5A127B3FCEA00758D80 /* XCRemoteSwiftPackageReference "firebase-ios-sdk" */;
			productName = FirebaseAuth;
		};
		CFAEB5A627B3FCEB00758D80 /* FirebaseFirestore */ = {
			isa = XCSwiftPackageProductDependency;
			package = CFAEB5A127B3FCEA00758D80 /* XCRemoteSwiftPackageReference "firebase-ios-sdk" */;
			productName = FirebaseFirestore;
		};
		CFAEB5A827B3FCEB00758D80 /* FirebaseFirestoreSwift-Beta */ = {
			isa = XCSwiftPackageProductDependency;
			package = CFAEB5A127B3FCEA00758D80 /* XCRemoteSwiftPackageReference "firebase-ios-sdk" */;
			productName = "FirebaseFirestoreSwift-Beta";
		};
/* End XCSwiftPackageProductDependency section */

/* Begin XCVersionGroup section */
		CF29894B275D159900D3C3C1 /* WhoGame.xcdatamodeld */ = {
			isa = XCVersionGroup;
			children = (
				CF29894C275D159900D3C3C1 /* WhoGame.xcdatamodel */,
			);
			currentVersion = CF29894C275D159900D3C3C1 /* WhoGame.xcdatamodel */;
			path = WhoGame.xcdatamodeld;
			sourceTree = "<group>";
			versionGroupType = wrapper.xcdatamodel;
		};
/* End XCVersionGroup section */
	};
	rootObject = CF298935275D159700D3C3C1 /* Project object */;
}
